{
  "nodes": {
    "N25A": {
      "inputs": {
        "libs-cmake": [
          "libs-cmake"
        ],
        "nixpkgs": [
          "nixpkgs"
        ],
        "static-mbed-os": "static-mbed-os"
      },
      "locked": {
        "lastModified": 1763451017,
        "narHash": "sha256-sjfOHAjVJHl73RYXOo+VEUr/99FMYLYiHvPvzRQK6o4=",
        "path": "/mnt/data/ghq/github.com/syoch/libs-dev/NHK2025A",
        "type": "path"
      },
      "original": {
        "path": "/mnt/data/ghq/github.com/syoch/libs-dev/NHK2025A",
        "type": "path"
      }
    },
    "libs-cmake": {
      "inputs": {
        "nixpkgs": [
          "nixpkgs"
        ]
      },
      "locked": {
        "lastModified": 1763306212,
        "narHash": "sha256-UEAzptNaRWjOjLxG+HVltuU1X8CfeEKfqsRkAJe9CrQ=",
        "path": "/mnt/data/ghq/github.com/syoch/libs-dev/libs/libs-cmake",
        "type": "path"
      },
      "original": {
        "path": "/mnt/data/ghq/github.com/syoch/libs-dev/libs/libs-cmake",
        "type": "path"
      }
    },
    "nixpkgs": {
      "locked": {
        "lastModified": 1748026580,
        "narHash": "sha256-rWtXrcIzU5wm/C8F9LWvUfBGu5U5E7cFzPYT1pHIJaQ=",
        "owner": "nixos",
        "repo": "nixpkgs",
        "rev": "11cb3517b3af6af300dd6c055aeda73c9bf52c48",
        "type": "github"
      },
      "original": {
        "owner": "nixos",
        "ref": "25.05",
        "repo": "nixpkgs",
        "type": "github"
      }
    },
    "roboenv": {
      "inputs": {
        "libs-cmake": [
          "libs-cmake"
        ],
        "nixpkgs": [
          "nixpkgs"
        ]
      },
      "locked": {
        "lastModified": 1763451017,
        "narHash": "sha256-P/nPYt1VAQsqODaSD81f2sx+vcLzrc2UK8gNJNGopl8=",
        "path": "/mnt/data/ghq/github.com/syoch/libs-dev/libs/roboenv-nix",
        "type": "path"
      },
      "original": {
        "path": "/mnt/data/ghq/github.com/syoch/libs-dev/libs/roboenv-nix",
        "type": "path"
      }
    },
    "root": {
      "inputs": {
        "N25A": "N25A",
        "libs-cmake": "libs-cmake",
        "nixpkgs": "nixpkgs",
        "roboenv": "roboenv",
        "static-mbed-os": "static-mbed-os_2"
      }
    },
    "static-mbed-os": {
      "inputs": {
        "libs-cmake": [
          "N25A",
          "libs-cmake"
        ],
        "nixpkgs": [
          "N25A",
          "nixpkgs"
        ]
      },
      "locked": {
        "lastModified": 1763450996,
        "narHash": "sha256-RFEtOz6lC1rdfAwR3LcB00RtNGpEi9Yu25Ox/jx2ADw=",
        "path": "/mnt/data/ghq/github.com/syoch/libs-dev/libs/static-mbed-os",
        "type": "path"
      },
      "original": {
        "path": "/mnt/data/ghq/github.com/syoch/libs-dev/libs/static-mbed-os",
        "type": "path"
      }
    },
    "static-mbed-os_2": {
      "inputs": {
        "libs-cmake": [
          "libs-cmake"
        ],
        "nixpkgs": [
          "nixpkgs"
        ]
      },
      "locked": {
        "lastModified": 1763450996,
        "narHash": "sha256-RFEtOz6lC1rdfAwR3LcB00RtNGpEi9Yu25Ox/jx2ADw=",
        "path": "/mnt/data/ghq/github.com/syoch/libs-dev/libs/static-mbed-os",
        "type": "path"
      },
      "original": {
        "path": "/mnt/data/ghq/github.com/syoch/libs-dev/libs/static-mbed-os",
        "type": "path"
      }
    }
  },
  "root": "root",
  "version": 7
}
